
Microsoft Visual Studio Solution File, Format Version 12.00
# Visual Studio 15
VisualStudioVersion = 15.0.28307.421
MinimumVisualStudioVersion = 10.0.40219.1
Project("{FAE04EC0-301F-11D3-BF4B-00C04F79EFBC}") = "ConsoleApp1", "ConsoleApp1\ConsoleApp1.csproj", "{EA691B7F-A036-4BCF-851B-8F4B632FF2D1}"
EndProject
Project("{2150E333-8FDC-42A3-9474-1A3956D46DE8}") = "Solution Items", "Solution Items", "{0C131384-E4A1-4D48-A219-82D4A1CD8301}"
EndProject
Global
	GlobalSection(SolutionConfigurationPlatforms) = preSolution
		Debug|Any CPU = Debug|Any CPU
		Release|Any CPU = Release|Any CPU
	EndGlobalSection
	GlobalSection(ProjectConfigurationPlatforms) = postSolution
		{EA691B7F-A036-4BCF-851B-8F4B632FF2D1}.Debug|Any CPU.ActiveCfg = Debug|Any CPU
		{EA691B7F-A036-4BCF-851B-8F4B632FF2D1}.Debug|Any CPU.Build.0 = Debug|Any CPU
		{EA691B7F-A036-4BCF-851B-8F4B632FF2D1}.Release|Any CPU.ActiveCfg = Release|Any CPU
		{EA691B7F-A036-4BCF-851B-8F4B632FF2D1}.Release|Any CPU.Build.0 = Release|Any CPU
	EndGlobalSection
	GlobalSection(SolutionProperties) = preSolution
		HideSolutionNode = FALSE
	EndGlobalSection
	GlobalSection(ExtensibilityGlobals) = postSolution
		SolutionGuid = {D89D4E50-DCE0-4C19-8E2C-2F8FA9E1EAF2}
	EndGlobalSection
EndGlobal
